// !$*UTF8*$!
{
	archiveVersion = 1;
	classes = {
	};
	objectVersion = 46;
	objects = {

/* Begin PBXBuildFile section */
		644982A91B26008200C463D3 /* main.m in Sources */ = {isa = PBXBuildFile; fileRef = 644982A81B26008200C463D3 /* main.m */; };
		644982AC1B26008200C463D3 /* AppDelegate.m in Sources */ = {isa = PBXBuildFile; fileRef = 644982AB1B26008200C463D3 /* AppDelegate.m */; };
		644982AF1B26008200C463D3 /* ViewController.m in Sources */ = {isa = PBXBuildFile; fileRef = 644982AE1B26008200C463D3 /* ViewController.m */; };
		644982B21B26008200C463D3 /* Main.storyboard in Resources */ = {isa = PBXBuildFile; fileRef = 644982B01B26008200C463D3 /* Main.storyboard */; };
		644982B41B26008200C463D3 /* Images.xcassets in Resources */ = {isa = PBXBuildFile; fileRef = 644982B31B26008200C463D3 /* Images.xcassets */; };
		644982B71B26008200C463D3 /* LaunchScreen.xib in Resources */ = {isa = PBXBuildFile; fileRef = 644982B51B26008200C463D3 /* LaunchScreen.xib */; };
		644982C31B26008200C463D3 /* Is_it_too_soonTests.m in Sources */ = {isa = PBXBuildFile; fileRef = 644982C21B26008200C463D3 /* Is_it_too_soonTests.m */; };
/* End PBXBuildFile section */

/* Begin PBXContainerItemProxy section */
		644982BD1B26008200C463D3 /* PBXContainerItemProxy */ = {
			isa = PBXContainerItemProxy;
			containerPortal = 6449829B1B26008200C463D3 /* Project object */;
			proxyType = 1;
			remoteGlobalIDString = 644982A21B26008200C463D3;
			remoteInfo = "Is it too soon";
		};
/* End PBXContainerItemProxy section */

/* Begin PBXFileReference section */
		644982A31B26008200C463D3 /* Is it too soon.app */ = {isa = PBXFileReference; explicitFileType = wrapper.application; includeInIndex = 0; path = "Is it too soon.app"; sourceTree = BUILT_PRODUCTS_DIR; };
		644982A71B26008200C463D3 /* Info.plist */ = {isa = PBXFileReference; lastKnownFileType = text.plist.xml; path = Info.plist; sourceTree = "<group>"; };
		644982A81B26008200C463D3 /* main.m */ = {isa = PBXFileReference; lastKnownFileType = sourcecode.c.objc; path = main.m; sourceTree = "<group>"; };
		644982AA1B26008200C463D3 /* AppDelegate.h */ = {isa = PBXFileReference; lastKnownFileType = sourcecode.c.h; path = AppDelegate.h; sourceTree = "<group>"; };
		644982AB1B26008200C463D3 /* AppDelegate.m */ = {isa = PBXFileReference; lastKnownFileType = sourcecode.c.objc; path = AppDelegate.m; sourceTree = "<group>"; };
		644982AD1B26008200C463D3 /* ViewController.h */ = {isa = PBXFileReference; lastKnownFileType = sourcecode.c.h; path = ViewController.h; sourceTree = "<group>"; };
		644982AE1B26008200C463D3 /* ViewController.m */ = {isa = PBXFileReference; lastKnownFileType = sourcecode.c.objc; path = ViewController.m; sourceTree = "<group>"; };
		644982B11B26008200C463D3 /* Base */ = {isa = PBXFileReference; lastKnownFileType = file.storyboard; name = Base; path = Base.lproj/Main.storyboard; sourceTree = "<group>"; };
		644982B31B26008200C463D3 /* Images.xcassets */ = {isa = PBXFileReference; lastKnownFileType = folder.assetcatalog; path = Images.xcassets; sourceTree = "<group>"; };
		644982B61B26008200C463D3 /* Base */ = {isa = PBXFileReference; lastKnownFileType = file.xib; name = Base; path = Base.lproj/LaunchScreen.xib; sourceTree = "<group>"; };
		644982BC1B26008200C463D3 /* Is it too soonTests.xctest */ = {isa = PBXFileReference; explicitFileType = wrapper.cfbundle; includeInIndex = 0; path = "Is it too soonTests.xctest"; sourceTree = BUILT_PRODUCTS_DIR; };
		644982C11B26008200C463D3 /* Info.plist */ = {isa = PBXFileReference; lastKnownFileType = text.plist.xml; path = Info.plist; sourceTree = "<group>"; };
		644982C21B26008200C463D3 /* Is_it_too_soonTests.m */ = {isa = PBXFileReference; lastKnownFileType = sourcecode.c.objc; path = Is_it_too_soonTests.m; sourceTree = "<group>"; };
/* End PBXFileReference section */

/* Begin PBXFrameworksBuildPhase section */
		644982A01B26008200C463D3 /* Frameworks */ = {
			isa = PBXFrameworksBuildPhase;
			buildActionMask = 2147483647;
			files = (
			);
			runOnlyForDeploymentPostprocessing = 0;
		};
		644982B91B26008200C463D3 /* Frameworks */ = {
			isa = PBXFrameworksBuildPhase;
			buildActionMask = 2147483647;
			files = (
			);
			runOnlyForDeploymentPostprocessing = 0;
		};
/* End PBXFrameworksBuildPhase section */

/* Begin PBXGroup section */
		6449829A1B26008200C463D3 = {
			isa = PBXGroup;
			children = (
				644982A51B26008200C463D3 /* Is it too soon */,
				644982BF1B26008200C463D3 /* Is it too soonTests */,
				644982A41B26008200C463D3 /* Products */,
			);
			sourceTree = "<group>";
		};
		644982A41B26008200C463D3 /* Products */ = {
			isa = PBXGroup;
			children = (
				644982A31B26008200C463D3 /* Is it too soon.app */,
				644982BC1B26008200C463D3 /* Is it too soonTests.xctest */,
			);
			name = Products;
			sourceTree = "<group>";
		};
		644982A51B26008200C463D3 /* Is it too soon */ = {
			isa = PBXGroup;
			children = (
				644982AA1B26008200C463D3 /* AppDelegate.h */,
				644982AB1B26008200C463D3 /* AppDelegate.m */,
				644982AD1B26008200C463D3 /* ViewController.h */,
				644982AE1B26008200C463D3 /* ViewController.m */,
				644982B01B26008200C463D3 /* Main.storyboard */,
				644982B31B26008200C463D3 /* Images.xcassets */,
				644982B51B26008200C463D3 /* LaunchScreen.xib */,
				644982A61B26008200C463D3 /* Supporting Files */,
			);
			path = "Is it too soon";
			sourceTree = "<group>";
		};
		644982A61B26008200C463D3 /* Supporting Files */ = {
			isa = PBXGroup;
			children = (
				644982A71B26008200C463D3 /* Info.plist */,
				644982A81B26008200C463D3 /* main.m */,
			);
			name = "Supporting Files";
			sourceTree = "<group>";
		};
		644982BF1B26008200C463D3 /* Is it too soonTests */ = {
			isa = PBXGroup;
			children = (
				644982C21B26008200C463D3 /* Is_it_too_soonTests.m */,
				644982C01B26008200C463D3 /* Supporting Files */,
			);
			path = "Is it too soonTests";
			sourceTree = "<group>";
		};
		644982C01B26008200C463D3 /* Supporting Files */ = {
			isa = PBXGroup;
			children = (
				644982C11B26008200C463D3 /* Info.plist */,
			);
			name = "Supporting Files";
			sourceTree = "<group>";
		};
/* End PBXGroup section */

/* Begin PBXNativeTarget section */
		644982A21B26008200C463D3 /* Is it too soon */ = {
			isa = PBXNativeTarget;
			buildConfigurationList = 644982C61B26008200C463D3 /* Build configuration list for PBXNativeTarget "Is it too soon" */;
			buildPhases = (
				6449829F1B26008200C463D3 /* Sources */,
				644982A01B26008200C463D3 /* Frameworks */,
				644982A11B26008200C463D3 /* Resources */,
			);
			buildRules = (
			);
			dependencies = (
			);
			name = "Is it too soon";
			productName = "Is it too soon";
			productReference = 644982A31B26008200C463D3 /* Is it too soon.app */;
			productType = "com.apple.product-type.application";
		};
		644982BB1B26008200C463D3 /* Is it too soonTests */ = {
			isa = PBXNativeTarget;
			buildConfigurationList = 644982C91B26008200C463D3 /* Build configuration list for PBXNativeTarget "Is it too soonTests" */;
			buildPhases = (
				644982B81B26008200C463D3 /* Sources */,
				644982B91B26008200C463D3 /* Frameworks */,
				644982BA1B26008200C463D3 /* Resources */,
			);
			buildRules = (
			);
			dependencies = (
				644982BE1B26008200C463D3 /* PBXTargetDependency */,
			);
			name = "Is it too soonTests";
			productName = "Is it too soonTests";
			productReference = 644982BC1B26008200C463D3 /* Is it too soonTests.xctest */;
			productType = "com.apple.product-type.bundle.unit-test";
		};
/* End PBXNativeTarget section */

/* Begin PBXProject section */
		6449829B1B26008200C463D3 /* Project object */ = {
			isa = PBXProject;
			attributes = {
				LastUpgradeCheck = 0630;
				ORGANIZATIONNAME = "Michael Macari";
				TargetAttributes = {
					644982A21B26008200C463D3 = {
						CreatedOnToolsVersion = 6.3.2;
					};
					644982BB1B26008200C463D3 = {
						CreatedOnToolsVersion = 6.3.2;
						TestTargetID = 644982A21B26008200C463D3;
					};
				};
			};
			buildConfigurationList = 6449829E1B26008200C463D3 /* Build configuration list for PBXProject "Is it too soon" */;
			compatibilityVersion = "Xcode 3.2";
			developmentRegion = English;
			hasScannedForEncodings = 0;
			knownRegions = (
				en,
				Base,
			);
			mainGroup = 6449829A1B26008200C463D3;
			productRefGroup = 644982A41B26008200C463D3 /* Products */;
			projectDirPath = "";
			projectRoot = "";
			targets = (
				644982A21B26008200C463D3 /* Is it too soon */,
				644982BB1B26008200C463D3 /* Is it too soonTests */,
			);
		};
/* End PBXProject section */

/* Begin PBXResourcesBuildPhase section */
		644982A11B26008200C463D3 /* Resources */ = {
			isa = PBXResourcesBuildPhase;
			buildActionMask = 2147483647;
			files = (
				644982B21B26008200C463D3 /* Main.storyboard in Resources */,
				644982B71B26008200C463D3 /* LaunchScreen.xib in Resources */,
				644982B41B26008200C463D3 /* Images.xcassets in Resources */,
			);
			runOnlyForDeploymentPostprocessing = 0;
		};
		644982BA1B26008200C463D3 /* Resources */ = {
			isa = PBXResourcesBuildPhase;
			buildActionMask = 2147483647;
			files = (
			);
			runOnlyForDeploymentPostprocessing = 0;
		};
/* End PBXResourcesBuildPhase section */

/* Begin PBXSourcesBuildPhase section */
		6449829F1B26008200C463D3 /* Sources */ = {
			isa = PBXSourcesBuildPhase;
			buildActionMask = 2147483647;
			files = (
				644982AF1B26008200C463D3 /* ViewController.m in Sources */,
				644982AC1B26008200C463D3 /* AppDelegate.m in Sources */,
				644982A91B26008200C463D3 /* main.m in Sources */,
			);
			runOnlyForDeploymentPostprocessing = 0;
		};
		644982B81B26008200C463D3 /* Sources */ = {
			isa = PBXSourcesBuildPhase;
			buildActionMask = 2147483647;
			files = (
				644982C31B26008200C463D3 /* Is_it_too_soonTests.m in Sources */,
			);
			runOnlyForDeploymentPostprocessing = 0;
		};
/* End PBXSourcesBuildPhase section */

/* Begin PBXTargetDependency section */
		644982BE1B26008200C463D3 /* PBXTargetDependency */ = {
			isa = PBXTargetDependency;
			target = 644982A21B26008200C463D3 /* Is it too soon */;
			targetProxy = 644982BD1B26008200C463D3 /* PBXContainerItemProxy */;
		};
/* End PBXTargetDependency section */

/* Begin PBXVariantGroup section */
		644982B01B26008200C463D3 /* Main.storyboard */ = {
			isa = PBXVariantGroup;
			children = (
				644982B11B26008200C463D3 /* Base */,
			);
			name = Main.storyboard;
			sourceTree = "<group>";
		};
		644982B51B26008200C463D3 /* LaunchScreen.xib */ = {
			isa = PBXVariantGroup;
			children = (
				644982B61B26008200C463D3 /* Base */,
			);
			name = LaunchScreen.xib;
			sourceTree = "<group>";
		};
/* End PBXVariantGroup section */

/* Begin XCBuildConfiguration section */
		644982C41B26008200C463D3 /* Debug */ = {
			isa = XCBuildConfiguration;
			buildSettings = {
				ALWAYS_SEARCH_USER_PATHS = NO;
				CLANG_CXX_LANGUAGE_STANDARD = "gnu++0x";
				CLANG_CXX_LIBRARY = "libc++";
				CLANG_ENABLE_MODULES = YES;
				CLANG_ENABLE_OBJC_ARC = YES;
				CLANG_WARN_BOOL_CONVERSION = YES;
				CLANG_WARN_CONSTANT_CONVERSION = YES;
				CLANG_WARN_DIRECT_OBJC_ISA_USAGE = YES_ERROR;
				CLANG_WARN_EMPTY_BODY = YES;
				CLANG_WARN_ENUM_CONVERSION = YES;
				CLANG_WARN_INT_CONVERSION = YES;
				CLANG_WARN_OBJC_ROOT_CLASS = YES_ERROR;
				CLANG_WARN_UNREACHABLE_CODE = YES;
				CLANG_WARN__DUPLICATE_METHOD_MATCH = YES;
				"CODE_SIGN_IDENTITY[sdk=iphoneos*]" = "iPhone Developer";
				COPY_PHASE_STRIP = NO;
				DEBUG_INFORMATION_FORMAT = "dwarf-with-dsym";
				ENABLE_STRICT_OBJC_MSGSEND = YES;
				GCC_C_LANGUAGE_STANDARD = gnu99;
				GCC_DYNAMIC_NO_PIC = NO;
				GCC_NO_COMMON_BLOCKS = YES;
				GCC_OPTIMIZATION_LEVEL = 0;
				GCC_PREPROCESSOR_DEFINITIONS = (
					"DEBUG=1",
					"$(inherited)",
				);
				GCC_SYMBOLS_PRIVATE_EXTERN = NO;
				GCC_WARN_64_TO_32_BIT_CONVERSION = YES;
				GCC_WARN_ABOUT_RETURN_TYPE = YES_ERROR;
				GCC_WARN_UNDECLARED_SELECTOR = YES;
				GCC_WARN_UNINITIALIZED_AUTOS = YES_AGGRESSIVE;
				GCC_WARN_UNUSED_FUNCTION = YES;
				GCC_WARN_UNUSED_VARIABLE = YES;
				IPHONEOS_DEPLOYMENT_TARGET = 8.3;
				MTL_ENABLE_DEBUG_INFO = YES;
				ONLY_ACTIVE_ARCH = YES;
				SDKROOT = iphoneos;
				TARGETED_DEVICE_FAMILY = "1,2";
			};
			name = Debug;
		};
		644982C51B26008200C463D3 /* Release */ = {
			isa = XCBuildConfiguration;
			buildSettings = {
				ALWAYS_SEARCH_USER_PATHS = NO;
				CLANG_CXX_LANGUAGE_STANDARD = "gnu++0x";
				CLANG_CXX_LIBRARY = "libc++";
				CLANG_ENABLE_MODULES = YES;
				CLANG_ENABLE_OBJC_ARC = YES;
				CLANG_WARN_BOOL_CONVERSION = YES;
				CLANG_WARN_CONSTANT_CONVERSION = YES;
				CLANG_WARN_DIRECT_OBJC_ISA_USAGE = YES_ERROR;
				CLANG_WARN_EMPTY_BODY = YES;
				CLANG_WARN_ENUM_CONVERSION = YES;
				CLANG_WARN_INT_CONVERSION = YES;
				CLANG_WARN_OBJC_ROOT_CLASS = YES_ERROR;
				CLANG_WARN_UNREACHABLE_CODE = YES;
				CLANG_WARN__DUPLICATE_METHOD_MATCH = YES;
				"CODE_SIGN_IDENTITY[sdk=iphoneos*]" = "iPhone Developer";
				COPY_PHASE_STRIP = NO;
				DEBUG_INFORMATION_FORMAT = "dwarf-with-dsym";
				ENABLE_NS_ASSERTIONS = NO;
				ENABLE_STRICT_OBJC_MSGSEND = YES;
				GCC_C_LANGUAGE_STANDARD = gnu99;
				GCC_NO_COMMON_BLOCKS = YES;
				GCC_WARN_64_TO_32_BIT_CONVERSION = YES;
				GCC_WARN_ABOUT_RETURN_TYPE = YES_ERROR;
				GCC_WARN_UNDECLARED_SELECTOR = YES;
				GCC_WARN_UNINITIALIZED_AUTOS = YES_AGGRESSIVE;
				GCC_WARN_UNUSED_FUNCTION = YES;
				GCC_WARN_UNUSED_VARIABLE = YES;
				IPHONEOS_DEPLOYMENT_TARGET = 8.3;
				MTL_ENABLE_DEBUG_INFO = NO;
				SDKROOT = iphoneos;
				TARGETED_DEVICE_FAMILY = "1,2";
				VALIDATE_PRODUCT = YES;
			};
			name = Release;
		};
		644982C71B26008200C463D3 /* Debug */ = {
			isa = XCBuildConfiguration;
			buildSettings = {
				ASSETCATALOG_COMPILER_APPICON_NAME = AppIcon;
				INFOPLIST_FILE = "Is it too soon/Info.plist";
				LD_RUNPATH_SEARCH_PATHS = "$(inherited) @executable_path/Frameworks";
				PRODUCT_NAME = "$(TARGET_NAME)";
			};
			name = Debug;
		};
		644982C81B26008200C463D3 /* Release */ = {
			isa = XCBuildConfiguration;
			buildSettings = {
				ASSETCATALOG_COMPILER_APPICON_NAME = AppIcon;
				INFOPLIST_FILE = "Is it too soon/Info.plist";
				LD_RUNPATH_SEARCH_PATHS = "$(inherited) @executable_path/Frameworks";
				PRODUCT_NAME = "$(TARGET_NAME)";
			};
			name = Release;
		};
		644982CA1B26008200C463D3 /* Debug */ = {
			isa = XCBuildConfiguration;
			buildSettings = {
				BUNDLE_LOADER = "$(TEST_HOST)";
				FRAMEWORK_SEARCH_PATHS = (
					"$(SDKROOT)/Developer/Library/Frameworks",
					"$(inherited)",
				);
				GCC_PREPROCESSOR_DEFINITIONS = (
					"DEBUG=1",
					"$(inherited)",
				);
				INFOPLIST_FILE = "Is it too soonTests/Info.plist";
				LD_RUNPATH_SEARCH_PATHS = "$(inherited) @executable_path/Frameworks @loader_path/Frameworks";
				PRODUCT_NAME = "$(TARGET_NAME)";
				TEST_HOST = "$(BUILT_PRODUCTS_DIR)/Is it too soon.app/Is it too soon";
			};
			name = Debug;
		};
		644982CB1B26008200C463D3 /* Release */ = {
			isa = XCBuildConfiguration;
			buildSettings = {
				BUNDLE_LOADER = "$(TEST_HOST)";
				FRAMEWORK_SEARCH_PATHS = (
					"$(SDKROOT)/Developer/Library/Frameworks",
					"$(inherited)",
				);
				INFOPLIST_FILE = "Is it too soonTests/Info.plist";
				LD_RUNPATH_SEARCH_PATHS = "$(inherited) @executable_path/Frameworks @loader_path/Frameworks";
				PRODUCT_NAME = "$(TARGET_NAME)";
				TEST_HOST = "$(BUILT_PRODUCTS_DIR)/Is it too soon.app/Is it too soon";
			};
			name = Release;
		};
/* End XCBuildConfiguration section */

/* Begin XCConfigurationList section */
		6449829E1B26008200C463D3 /* Build configuration list for PBXProject "Is it too soon" */ = {
			isa = XCConfigurationList;
			buildConfigurations = (
				644982C41B26008200C463D3 /* Debug */,
				644982C51B26008200C463D3 /* Release */,
			);
			defaultConfigurationIsVisible = 0;
			defaultConfigurationName = Release;
		};
		644982C61B26008200C463D3 /* Build configuration list for PBXNativeTarget "Is it too soon" */ = {
			isa = XCConfigurationList;
			buildConfigurations = (
				644982C71B26008200C463D3 /* Debug */,
				644982C81B26008200C463D3 /* Release */,
			);
			defaultConfigurationIsVisible = 0;
		};
		644982C91B26008200C463D3 /* Build configuration list for PBXNativeTarget "Is it too soonTests" */ = {
			isa = XCConfigurationList;
			buildConfigurations = (
				644982CA1B26008200C463D3 /* Debug */,
				644982CB1B26008200C463D3 /* Release */,
			);
			defaultConfigurationIsVisible = 0;
		};
/* End XCConfigurationList section */
	};
	rootObject = 6449829B1B26008200C463D3 /* Project object */;
}
